
Microsoft Visual Studio Solution File, Format Version 12.00
# Visual Studio Version 17
VisualStudioVersion = 17.9.34728.123
MinimumVisualStudioVersion = 10.0.40219.1
Project("{FAE04EC0-301F-11D3-BF4B-00C04F79EFBC}") = "FormSubmission", "FormSubmission.csproj", "{FDC5852F-8E2B-4BC4-BCD6-D6B016B5AA31}"
EndProject
Global
	GlobalSection(SolutionConfigurationPlatforms) = preSolution
		Debug|Any CPU = Debug|Any CPU
		Release|Any CPU = Release|Any CPU
	EndGlobalSection
	GlobalSection(ProjectConfigurationPlatforms) = postSolution
		{FDC5852F-8E2B-4BC4-BCD6-D6B016B5AA31}.Debug|Any CPU.ActiveCfg = Debug|Any CPU
		{FDC5852F-8E2B-4BC4-BCD6-D6B016B5AA31}.Debug|Any CPU.Build.0 = Debug|Any CPU
		{FDC5852F-8E2B-4BC4-BCD6-D6B016B5AA31}.Release|Any CPU.ActiveCfg = Release|Any CPU
		{FDC5852F-8E2B-4BC4-BCD6-D6B016B5AA31}.Release|Any CPU.Build.0 = Release|Any CPU
	EndGlobalSection
	GlobalSection(SolutionProperties) = preSolution
		HideSolutionNode = FALSE
	EndGlobalSection
	GlobalSection(ExtensibilityGlobals) = postSolution
		SolutionGuid = {20D2CF20-F141-4B5B-82AD-1DF9BF4476E9}
	EndGlobalSection
EndGlobal
